
Microsoft Visual Studio Solution File, Format Version 12.00
# Visual Studio Version 16
VisualStudioVersion = 16.0.29411.108
MinimumVisualStudioVersion = 10.0.40219.1
Project("{9A19103F-16F7-4668-BE54-9A1E7A4F7556}") = "Loanda.Web", "Loanda.Web\Loanda.Web.csproj", "{9415F17A-1FB4-457C-93DE-EF645EB91E75}"
EndProject
Project("{9A19103F-16F7-4668-BE54-9A1E7A4F7556}") = "Loanda.Data", "Loanda.Data\Loanda.Data.csproj", "{A0864D05-59D9-4073-8030-4FADA4C6002E}"
EndProject
Project("{9A19103F-16F7-4668-BE54-9A1E7A4F7556}") = "Loanda.Services", "Loanda.Services\Loanda.Services.csproj", "{D94AB4EE-A3D2-49E0-B8AA-91A7E6985CF1}"
EndProject
Project("{9A19103F-16F7-4668-BE54-9A1E7A4F7556}") = "Loanda.Services.Tests", "Loanda.Services.Tests\Loanda.Services.Tests.csproj", "{67CDAA77-5B35-4127-ABB1-2D3055DAD998}"
EndProject
Project("{FAE04EC0-301F-11D3-BF4B-00C04F79EFBC}") = "Loanda.Entities", "Loanda.Entities\Loanda.Entities.csproj", "{83BE326E-3ABC-42C4-A8CF-DCAE3B67401C}"
EndProject
Global
	GlobalSection(SolutionConfigurationPlatforms) = preSolution
		Debug|Any CPU = Debug|Any CPU
		Release|Any CPU = Release|Any CPU
	EndGlobalSection
	GlobalSection(ProjectConfigurationPlatforms) = postSolution
		{9415F17A-1FB4-457C-93DE-EF645EB91E75}.Debug|Any CPU.ActiveCfg = Debug|Any CPU
		{9415F17A-1FB4-457C-93DE-EF645EB91E75}.Debug|Any CPU.Build.0 = Debug|Any CPU
		{9415F17A-1FB4-457C-93DE-EF645EB91E75}.Release|Any CPU.ActiveCfg = Release|Any CPU
		{9415F17A-1FB4-457C-93DE-EF645EB91E75}.Release|Any CPU.Build.0 = Release|Any CPU
		{A0864D05-59D9-4073-8030-4FADA4C6002E}.Debug|Any CPU.ActiveCfg = Debug|Any CPU
		{A0864D05-59D9-4073-8030-4FADA4C6002E}.Debug|Any CPU.Build.0 = Debug|Any CPU
		{A0864D05-59D9-4073-8030-4FADA4C6002E}.Release|Any CPU.ActiveCfg = Release|Any CPU
		{A0864D05-59D9-4073-8030-4FADA4C6002E}.Release|Any CPU.Build.0 = Release|Any CPU
		{D94AB4EE-A3D2-49E0-B8AA-91A7E6985CF1}.Debug|Any CPU.ActiveCfg = Debug|Any CPU
		{D94AB4EE-A3D2-49E0-B8AA-91A7E6985CF1}.Debug|Any CPU.Build.0 = Debug|Any CPU
		{D94AB4EE-A3D2-49E0-B8AA-91A7E6985CF1}.Release|Any CPU.ActiveCfg = Release|Any CPU
		{D94AB4EE-A3D2-49E0-B8AA-91A7E6985CF1}.Release|Any CPU.Build.0 = Release|Any CPU
		{67CDAA77-5B35-4127-ABB1-2D3055DAD998}.Debug|Any CPU.ActiveCfg = Debug|Any CPU
		{67CDAA77-5B35-4127-ABB1-2D3055DAD998}.Debug|Any CPU.Build.0 = Debug|Any CPU
		{67CDAA77-5B35-4127-ABB1-2D3055DAD998}.Release|Any CPU.ActiveCfg = Release|Any CPU
		{67CDAA77-5B35-4127-ABB1-2D3055DAD998}.Release|Any CPU.Build.0 = Release|Any CPU
		{83BE326E-3ABC-42C4-A8CF-DCAE3B67401C}.Debug|Any CPU.ActiveCfg = Debug|Any CPU
		{83BE326E-3ABC-42C4-A8CF-DCAE3B67401C}.Debug|Any CPU.Build.0 = Debug|Any CPU
		{83BE326E-3ABC-42C4-A8CF-DCAE3B67401C}.Release|Any CPU.ActiveCfg = Release|Any CPU
		{83BE326E-3ABC-42C4-A8CF-DCAE3B67401C}.Release|Any CPU.Build.0 = Release|Any CPU
	EndGlobalSection
	GlobalSection(SolutionProperties) = preSolution
		HideSolutionNode = FALSE
	EndGlobalSection
	GlobalSection(ExtensibilityGlobals) = postSolution
		SolutionGuid = {36709E09-8BCC-4F25-8778-EADA68D9B029}
	EndGlobalSection
EndGlobal
